
Microsoft Visual Studio Solution File, Format Version 12.00
# Visual Studio Version 17
VisualStudioVersion = 17.0.31912.275
MinimumVisualStudioVersion = 10.0.40219.1
Project("{9A19103F-16F7-4668-BE54-9A1E7A4F7556}") = "LabManager.WebApi", "LabManager.WebApi\LabManager.WebApi.csproj", "{D9E1921F-2B78-4C7E-B6FB-02A42E1F43FB}"
EndProject
Project("{9A19103F-16F7-4668-BE54-9A1E7A4F7556}") = "WaitingTest", "WaitingTest\WaitingTest.csproj", "{09479907-5477-4DCE-884B-6693A2FE1BBE}"
EndProject
Global
	GlobalSection(SolutionConfigurationPlatforms) = preSolution
		Debug|Any CPU = Debug|Any CPU
		Release|Any CPU = Release|Any CPU
	EndGlobalSection
	GlobalSection(ProjectConfigurationPlatforms) = postSolution
		{D9E1921F-2B78-4C7E-B6FB-02A42E1F43FB}.Debug|Any CPU.ActiveCfg = Debug|Any CPU
		{D9E1921F-2B78-4C7E-B6FB-02A42E1F43FB}.Debug|Any CPU.Build.0 = Debug|Any CPU
		{D9E1921F-2B78-4C7E-B6FB-02A42E1F43FB}.Release|Any CPU.ActiveCfg = Release|Any CPU
		{D9E1921F-2B78-4C7E-B6FB-02A42E1F43FB}.Release|Any CPU.Build.0 = Release|Any CPU
		{09479907-5477-4DCE-884B-6693A2FE1BBE}.Debug|Any CPU.ActiveCfg = Debug|Any CPU
		{09479907-5477-4DCE-884B-6693A2FE1BBE}.Debug|Any CPU.Build.0 = Debug|Any CPU
		{09479907-5477-4DCE-884B-6693A2FE1BBE}.Release|Any CPU.ActiveCfg = Release|Any CPU
		{09479907-5477-4DCE-884B-6693A2FE1BBE}.Release|Any CPU.Build.0 = Release|Any CPU
	EndGlobalSection
	GlobalSection(SolutionProperties) = preSolution
		HideSolutionNode = FALSE
	EndGlobalSection
	GlobalSection(ExtensibilityGlobals) = postSolution
		SolutionGuid = {73D28B0A-A098-404E-BB4F-09F1FACE4D7B}
	EndGlobalSection
EndGlobal
